
Microsoft Visual Studio Solution File, Format Version 12.00
# Visual Studio Version 16
VisualStudioVersion = 16.0.30204.135
MinimumVisualStudioVersion = 10.0.40219.1
Project("{FAE04EC0-301F-11D3-BF4B-00C04F79EFBC}") = "Lesson14", "Lesson14\Lesson14.csproj", "{D0709C02-D437-4AE8-9291-E8119D69AABA}"
EndProject
Global
	GlobalSection(SolutionConfigurationPlatforms) = preSolution
		Debug|Any CPU = Debug|Any CPU
		Release|Any CPU = Release|Any CPU
	EndGlobalSection
	GlobalSection(ProjectConfigurationPlatforms) = postSolution
		{D0709C02-D437-4AE8-9291-E8119D69AABA}.Debug|Any CPU.ActiveCfg = Debug|Any CPU
		{D0709C02-D437-4AE8-9291-E8119D69AABA}.Debug|Any CPU.Build.0 = Debug|Any CPU
		{D0709C02-D437-4AE8-9291-E8119D69AABA}.Release|Any CPU.ActiveCfg = Release|Any CPU
		{D0709C02-D437-4AE8-9291-E8119D69AABA}.Release|Any CPU.Build.0 = Release|Any CPU
	EndGlobalSection
	GlobalSection(SolutionProperties) = preSolution
		HideSolutionNode = FALSE
	EndGlobalSection
	GlobalSection(ExtensibilityGlobals) = postSolution
		SolutionGuid = {BF5752D9-39F2-4A28-AD84-4E2789EF73BC}
	EndGlobalSection
EndGlobal
